// !$*UTF8*$!
{
	archiveVersion = 1;
	classes = {
	};
	objectVersion = 46;
	objects = {

/* Begin PBXBuildFile section */
		9434F3B31A8D816C004715C6 /* Person.m in Sources */ = {isa = PBXBuildFile; fileRef = 9434F3B21A8D816C004715C6 /* Person.m */; };
		9434F3B61A8D8E03004715C6 /* Science.m in Sources */ = {isa = PBXBuildFile; fileRef = 9434F3B51A8D8E03004715C6 /* Science.m */; };
		9443CCDC1A9E3BEB00C5CC70 /* ChameleonStatusBar.m in Sources */ = {isa = PBXBuildFile; fileRef = 9443CCC01A9E3BEB00C5CC70 /* ChameleonStatusBar.m */; };
		9443CCDD1A9E3BEB00C5CC70 /* NSArray+Chameleon.m in Sources */ = {isa = PBXBuildFile; fileRef = 9443CCC21A9E3BEB00C5CC70 /* NSArray+Chameleon.m */; };
		9443CCDE1A9E3BEB00C5CC70 /* PQFBarsInCircle.m in Sources */ = {isa = PBXBuildFile; fileRef = 9443CCC51A9E3BEB00C5CC70 /* PQFBarsInCircle.m */; };
		9443CCDF1A9E3BEB00C5CC70 /* PQFBouncingBalls.m in Sources */ = {isa = PBXBuildFile; fileRef = 9443CCC71A9E3BEB00C5CC70 /* PQFBouncingBalls.m */; };
		9443CCE01A9E3BEB00C5CC70 /* PQFCirclesInTriangle.m in Sources */ = {isa = PBXBuildFile; fileRef = 9443CCC91A9E3BEB00C5CC70 /* PQFCirclesInTriangle.m */; };
		9443CCE11A9E3BEB00C5CC70 /* UIColor+Chameleon.m in Sources */ = {isa = PBXBuildFile; fileRef = 9443CCCC1A9E3BEB00C5CC70 /* UIColor+Chameleon.m */; };
		9443CCE21A9E3BEB00C5CC70 /* UIColor+CIELAB.m in Sources */ = {isa = PBXBuildFile; fileRef = 9443CCCE1A9E3BEB00C5CC70 /* UIColor+CIELAB.m */; };
		9443CCE31A9E3BEB00C5CC70 /* UIViewController+Chameleon.m in Sources */ = {isa = PBXBuildFile; fileRef = 9443CCD01A9E3BEB00C5CC70 /* UIViewController+Chameleon.m */; };
		9443CCE41A9E3BEB00C5CC70 /* PQFBarsInCircle.m in Sources */ = {isa = PBXBuildFile; fileRef = 9443CCD31A9E3BEB00C5CC70 /* PQFBarsInCircle.m */; };
		9443CCE51A9E3BEB00C5CC70 /* PQFBouncingBalls.m in Sources */ = {isa = PBXBuildFile; fileRef = 9443CCD51A9E3BEB00C5CC70 /* PQFBouncingBalls.m */; };
		9443CCE61A9E3BEB00C5CC70 /* PQFCirclesInTriangle.m in Sources */ = {isa = PBXBuildFile; fileRef = 9443CCD71A9E3BEB00C5CC70 /* PQFCirclesInTriangle.m */; };
		9443CCE71A9E3BEB00C5CC70 /* UIColor+FlatColors.m in Sources */ = {isa = PBXBuildFile; fileRef = 9443CCDB1A9E3BEB00C5CC70 /* UIColor+FlatColors.m */; };
		948878C01A8AC1D30047E0CC /* main.m in Sources */ = {isa = PBXBuildFile; fileRef = 948878BF1A8AC1D30047E0CC /* main.m */; };
		948878C31A8AC1D30047E0CC /* AppDelegate.m in Sources */ = {isa = PBXBuildFile; fileRef = 948878C21A8AC1D30047E0CC /* AppDelegate.m */; };
		948878C61A8AC1D30047E0CC /* ViewController.m in Sources */ = {isa = PBXBuildFile; fileRef = 948878C51A8AC1D30047E0CC /* ViewController.m */; };
		948878C91A8AC1D30047E0CC /* Main.storyboard in Resources */ = {isa = PBXBuildFile; fileRef = 948878C71A8AC1D30047E0CC /* Main.storyboard */; };
		948878CB1A8AC1D30047E0CC /* Images.xcassets in Resources */ = {isa = PBXBuildFile; fileRef = 948878CA1A8AC1D30047E0CC /* Images.xcassets */; };
		948878CE1A8AC1D30047E0CC /* LaunchScreen.xib in Resources */ = {isa = PBXBuildFile; fileRef = 948878CC1A8AC1D30047E0CC /* LaunchScreen.xib */; };
		948878DA1A8AC1D30047E0CC /* PHSLabDaysTests.m in Sources */ = {isa = PBXBuildFile; fileRef = 948878D91A8AC1D30047E0CC /* PHSLabDaysTests.m */; };
		948878E41A8AC86F0047E0CC /* login_background.png in Resources */ = {isa = PBXBuildFile; fileRef = 948878E31A8AC86F0047E0CC /* login_background.png */; };
		948878E81A8AC9070047E0CC /* UserAuthenticationViewController.m in Sources */ = {isa = PBXBuildFile; fileRef = 948878E61A8AC9070047E0CC /* UserAuthenticationViewController.m */; };
		948878E91A8AC9070047E0CC /* UserAuthenticationViewController.xib in Resources */ = {isa = PBXBuildFile; fileRef = 948878E71A8AC9070047E0CC /* UserAuthenticationViewController.xib */; };
		948878EE1A8ACA7B0047E0CC /* SendMessageViewController.m in Sources */ = {isa = PBXBuildFile; fileRef = 948878EC1A8ACA7B0047E0CC /* SendMessageViewController.m */; };
		948878EF1A8ACA7B0047E0CC /* SendMessageViewController.xib in Resources */ = {isa = PBXBuildFile; fileRef = 948878ED1A8ACA7B0047E0CC /* SendMessageViewController.xib */; };
		94DAEBA71A9F3A990026A1B0 /* PHS Lab Days (Responses).csv in Resources */ = {isa = PBXBuildFile; fileRef = 94DAEBA61A9F3A990026A1B0 /* PHS Lab Days (Responses).csv */; };
		AFEDD07D53AC18C8235C0DF9 /* libPods.a in Frameworks */ = {isa = PBXBuildFile; fileRef = 11531391538DFF40912C521C /* libPods.a */; };
/* End PBXBuildFile section */

/* Begin PBXContainerItemProxy section */
		948878D41A8AC1D30047E0CC /* PBXContainerItemProxy */ = {
			isa = PBXContainerItemProxy;
			containerPortal = 948878B21A8AC1D30047E0CC /* Project object */;
			proxyType = 1;
			remoteGlobalIDString = 948878B91A8AC1D30047E0CC;
			remoteInfo = PHSLabDays;
		};
/* End PBXContainerItemProxy section */

/* Begin PBXFileReference section */
		11531391538DFF40912C521C /* libPods.a */ = {isa = PBXFileReference; explicitFileType = archive.ar; includeInIndex = 0; path = libPods.a; sourceTree = BUILT_PRODUCTS_DIR; };
		9434F3B11A8D816C004715C6 /* Person.h */ = {isa = PBXFileReference; fileEncoding = 4; lastKnownFileType = sourcecode.c.h; path = Person.h; sourceTree = "<group>"; };
		9434F3B21A8D816C004715C6 /* Person.m */ = {isa = PBXFileReference; fileEncoding = 4; lastKnownFileType = sourcecode.c.objc; path = Person.m; sourceTree = "<group>"; };
		9434F3B41A8D8E03004715C6 /* Science.h */ = {isa = PBXFileReference; fileEncoding = 4; lastKnownFileType = sourcecode.c.h; path = Science.h; sourceTree = "<group>"; };
		9434F3B51A8D8E03004715C6 /* Science.m */ = {isa = PBXFileReference; fileEncoding = 4; lastKnownFileType = sourcecode.c.objc; path = Science.m; sourceTree = "<group>"; };
		9443CCBD1A9E3BEB00C5CC70 /* Chameleon.h */ = {isa = PBXFileReference; fileEncoding = 4; lastKnownFileType = sourcecode.c.h; path = Chameleon.h; sourceTree = "<group>"; };
		9443CCBE1A9E3BEB00C5CC70 /* ChameleonMacros.h */ = {isa = PBXFileReference; fileEncoding = 4; lastKnownFileType = sourcecode.c.h; path = ChameleonMacros.h; sourceTree = "<group>"; };
		9443CCBF1A9E3BEB00C5CC70 /* ChameleonStatusBar.h */ = {isa = PBXFileReference; fileEncoding = 4; lastKnownFileType = sourcecode.c.h; path = ChameleonStatusBar.h; sourceTree = "<group>"; };
		9443CCC01A9E3BEB00C5CC70 /* ChameleonStatusBar.m */ = {isa = PBXFileReference; fileEncoding = 4; lastKnownFileType = sourcecode.c.objc; path = ChameleonStatusBar.m; sourceTree = "<group>"; };
		9443CCC11A9E3BEB00C5CC70 /* NSArray+Chameleon.h */ = {isa = PBXFileReference; fileEncoding = 4; lastKnownFileType = sourcecode.c.h; path = "NSArray+Chameleon.h"; sourceTree = "<group>"; };
		9443CCC21A9E3BEB00C5CC70 /* NSArray+Chameleon.m */ = {isa = PBXFileReference; fileEncoding = 4; lastKnownFileType = sourcecode.c.objc; path = "NSArray+Chameleon.m"; sourceTree = "<group>"; };
		9443CCC41A9E3BEB00C5CC70 /* PQFBarsInCircle.h */ = {isa = PBXFileReference; fileEncoding = 4; lastKnownFileType = sourcecode.c.h; path = PQFBarsInCircle.h; sourceTree = "<group>"; };
		9443CCC51A9E3BEB00C5CC70 /* PQFBarsInCircle.m */ = {isa = PBXFileReference; fileEncoding = 4; lastKnownFileType = sourcecode.c.objc; path = PQFBarsInCircle.m; sourceTree = "<group>"; };
		9443CCC61A9E3BEB00C5CC70 /* PQFBouncingBalls.h */ = {isa = PBXFileReference; fileEncoding = 4; lastKnownFileType = sourcecode.c.h; path = PQFBouncingBalls.h; sourceTree = "<group>"; };
		9443CCC71A9E3BEB00C5CC70 /* PQFBouncingBalls.m */ = {isa = PBXFileReference; fileEncoding = 4; lastKnownFileType = sourcecode.c.objc; path = PQFBouncingBalls.m; sourceTree = "<group>"; };
		9443CCC81A9E3BEB00C5CC70 /* PQFCirclesInTriangle.h */ = {isa = PBXFileReference; fileEncoding = 4; lastKnownFileType = sourcecode.c.h; path = PQFCirclesInTriangle.h; sourceTree = "<group>"; };
		9443CCC91A9E3BEB00C5CC70 /* PQFCirclesInTriangle.m */ = {isa = PBXFileReference; fileEncoding = 4; lastKnownFileType = sourcecode.c.objc; path = PQFCirclesInTriangle.m; sourceTree = "<group>"; };
		9443CCCA1A9E3BEB00C5CC70 /* PQFCustomLoaders.h */ = {isa = PBXFileReference; fileEncoding = 4; lastKnownFileType = sourcecode.c.h; path = PQFCustomLoaders.h; sourceTree = "<group>"; };
		9443CCCB1A9E3BEB00C5CC70 /* UIColor+Chameleon.h */ = {isa = PBXFileReference; fileEncoding = 4; lastKnownFileType = sourcecode.c.h; path = "UIColor+Chameleon.h"; sourceTree = "<group>"; };
		9443CCCC1A9E3BEB00C5CC70 /* UIColor+Chameleon.m */ = {isa = PBXFileReference; fileEncoding = 4; lastKnownFileType = sourcecode.c.objc; path = "UIColor+Chameleon.m"; sourceTree = "<group>"; };
		9443CCCD1A9E3BEB00C5CC70 /* UIColor+CIELAB.h */ = {isa = PBXFileReference; fileEncoding = 4; lastKnownFileType = sourcecode.c.h; path = "UIColor+CIELAB.h"; sourceTree = "<group>"; };
		9443CCCE1A9E3BEB00C5CC70 /* UIColor+CIELAB.m */ = {isa = PBXFileReference; fileEncoding = 4; lastKnownFileType = sourcecode.c.objc; path = "UIColor+CIELAB.m"; sourceTree = "<group>"; };
		9443CCCF1A9E3BEB00C5CC70 /* UIViewController+Chameleon.h */ = {isa = PBXFileReference; fileEncoding = 4; lastKnownFileType = sourcecode.c.h; path = "UIViewController+Chameleon.h"; sourceTree = "<group>"; };
		9443CCD01A9E3BEB00C5CC70 /* UIViewController+Chameleon.m */ = {isa = PBXFileReference; fileEncoding = 4; lastKnownFileType = sourcecode.c.objc; path = "UIViewController+Chameleon.m"; sourceTree = "<group>"; };
		9443CCD21A9E3BEB00C5CC70 /* PQFBarsInCircle.h */ = {isa = PBXFileReference; fileEncoding = 4; lastKnownFileType = sourcecode.c.h; path = PQFBarsInCircle.h; sourceTree = "<group>"; };
		9443CCD31A9E3BEB00C5CC70 /* PQFBarsInCircle.m */ = {isa = PBXFileReference; fileEncoding = 4; lastKnownFileType = sourcecode.c.objc; path = PQFBarsInCircle.m; sourceTree = "<group>"; };
		9443CCD41A9E3BEB00C5CC70 /* PQFBouncingBalls.h */ = {isa = PBXFileReference; fileEncoding = 4; lastKnownFileType = sourcecode.c.h; path = PQFBouncingBalls.h; sourceTree = "<group>"; };
		9443CCD51A9E3BEB00C5CC70 /* PQFBouncingBalls.m */ = {isa = PBXFileReference; fileEncoding = 4; lastKnownFileType = sourcecode.c.objc; path = PQFBouncingBalls.m; sourceTree = "<group>"; };
		9443CCD61A9E3BEB00C5CC70 /* PQFCirclesInTriangle.h */ = {isa = PBXFileReference; fileEncoding = 4; lastKnownFileType = sourcecode.c.h; path = PQFCirclesInTriangle.h; sourceTree = "<group>"; };
		9443CCD71A9E3BEB00C5CC70 /* PQFCirclesInTriangle.m */ = {isa = PBXFileReference; fileEncoding = 4; lastKnownFileType = sourcecode.c.objc; path = PQFCirclesInTriangle.m; sourceTree = "<group>"; };
		9443CCD81A9E3BEB00C5CC70 /* PQFCustomLoaders.h */ = {isa = PBXFileReference; fileEncoding = 4; lastKnownFileType = sourcecode.c.h; path = PQFCustomLoaders.h; sourceTree = "<group>"; };
		9443CCDA1A9E3BEB00C5CC70 /* UIColor+FlatColors.h */ = {isa = PBXFileReference; fileEncoding = 4; lastKnownFileType = sourcecode.c.h; path = "UIColor+FlatColors.h"; sourceTree = "<group>"; };
		9443CCDB1A9E3BEB00C5CC70 /* UIColor+FlatColors.m */ = {isa = PBXFileReference; fileEncoding = 4; lastKnownFileType = sourcecode.c.objc; path = "UIColor+FlatColors.m"; sourceTree = "<group>"; };
		948878BA1A8AC1D30047E0CC /* PHSLabDays.app */ = {isa = PBXFileReference; explicitFileType = wrapper.application; includeInIndex = 0; path = PHSLabDays.app; sourceTree = BUILT_PRODUCTS_DIR; };
		948878BE1A8AC1D30047E0CC /* Info.plist */ = {isa = PBXFileReference; lastKnownFileType = text.plist.xml; path = Info.plist; sourceTree = "<group>"; };
		948878BF1A8AC1D30047E0CC /* main.m */ = {isa = PBXFileReference; lastKnownFileType = sourcecode.c.objc; path = main.m; sourceTree = "<group>"; };
		948878C11A8AC1D30047E0CC /* AppDelegate.h */ = {isa = PBXFileReference; lastKnownFileType = sourcecode.c.h; path = AppDelegate.h; sourceTree = "<group>"; };
		948878C21A8AC1D30047E0CC /* AppDelegate.m */ = {isa = PBXFileReference; lastKnownFileType = sourcecode.c.objc; path = AppDelegate.m; sourceTree = "<group>"; };
		948878C41A8AC1D30047E0CC /* ViewController.h */ = {isa = PBXFileReference; lastKnownFileType = sourcecode.c.h; path = ViewController.h; sourceTree = "<group>"; };
		948878C51A8AC1D30047E0CC /* ViewController.m */ = {isa = PBXFileReference; lastKnownFileType = sourcecode.c.objc; path = ViewController.m; sourceTree = "<group>"; };
		948878C81A8AC1D30047E0CC /* Base */ = {isa = PBXFileReference; lastKnownFileType = file.storyboard; name = Base; path = Base.lproj/Main.storyboard; sourceTree = "<group>"; };
		948878CA1A8AC1D30047E0CC /* Images.xcassets */ = {isa = PBXFileReference; lastKnownFileType = folder.assetcatalog; path = Images.xcassets; sourceTree = "<group>"; };
		948878CD1A8AC1D30047E0CC /* Base */ = {isa = PBXFileReference; lastKnownFileType = file.xib; name = Base; path = Base.lproj/LaunchScreen.xib; sourceTree = "<group>"; };
		948878D31A8AC1D30047E0CC /* PHSLabDaysTests.xctest */ = {isa = PBXFileReference; explicitFileType = wrapper.cfbundle; includeInIndex = 0; path = PHSLabDaysTests.xctest; sourceTree = BUILT_PRODUCTS_DIR; };
		948878D81A8AC1D30047E0CC /* Info.plist */ = {isa = PBXFileReference; lastKnownFileType = text.plist.xml; path = Info.plist; sourceTree = "<group>"; };
		948878D91A8AC1D30047E0CC /* PHSLabDaysTests.m */ = {isa = PBXFileReference; lastKnownFileType = sourcecode.c.objc; path = PHSLabDaysTests.m; sourceTree = "<group>"; };
		948878E31A8AC86F0047E0CC /* login_background.png */ = {isa = PBXFileReference; lastKnownFileType = image.png; path = login_background.png; sourceTree = "<group>"; };
		948878E51A8AC9070047E0CC /* UserAuthenticationViewController.h */ = {isa = PBXFileReference; fileEncoding = 4; lastKnownFileType = sourcecode.c.h; path = UserAuthenticationViewController.h; sourceTree = "<group>"; };
		948878E61A8AC9070047E0CC /* UserAuthenticationViewController.m */ = {isa = PBXFileReference; fileEncoding = 4; lastKnownFileType = sourcecode.c.objc; path = UserAuthenticationViewController.m; sourceTree = "<group>"; };
		948878E71A8AC9070047E0CC /* UserAuthenticationViewController.xib */ = {isa = PBXFileReference; fileEncoding = 4; lastKnownFileType = file.xib; path = UserAuthenticationViewController.xib; sourceTree = "<group>"; };
		948878EB1A8ACA7B0047E0CC /* SendMessageViewController.h */ = {isa = PBXFileReference; fileEncoding = 4; lastKnownFileType = sourcecode.c.h; path = SendMessageViewController.h; sourceTree = "<group>"; };
		948878EC1A8ACA7B0047E0CC /* SendMessageViewController.m */ = {isa = PBXFileReference; fileEncoding = 4; lastKnownFileType = sourcecode.c.objc; path = SendMessageViewController.m; sourceTree = "<group>"; };
		948878ED1A8ACA7B0047E0CC /* SendMessageViewController.xib */ = {isa = PBXFileReference; fileEncoding = 4; lastKnownFileType = file.xib; path = SendMessageViewController.xib; sourceTree = "<group>"; };
		94DAEBA61A9F3A990026A1B0 /* PHS Lab Days (Responses).csv */ = {isa = PBXFileReference; fileEncoding = 4; lastKnownFileType = text; path = "PHS Lab Days (Responses).csv"; sourceTree = "<group>"; };
		D25E1CA1FE6024E39EE31A4B /* Pods.debug.xcconfig */ = {isa = PBXFileReference; includeInIndex = 1; lastKnownFileType = text.xcconfig; name = Pods.debug.xcconfig; path = "Pods/Target Support Files/Pods/Pods.debug.xcconfig"; sourceTree = "<group>"; };
		D9A208822474543B0089D813 /* Pods.release.xcconfig */ = {isa = PBXFileReference; includeInIndex = 1; lastKnownFileType = text.xcconfig; name = Pods.release.xcconfig; path = "Pods/Target Support Files/Pods/Pods.release.xcconfig"; sourceTree = "<group>"; };
/* End PBXFileReference section */

/* Begin PBXFrameworksBuildPhase section */
		948878B71A8AC1D30047E0CC /* Frameworks */ = {
			isa = PBXFrameworksBuildPhase;
			buildActionMask = 2147483647;
			files = (
				AFEDD07D53AC18C8235C0DF9 /* libPods.a in Frameworks */,
			);
			runOnlyForDeploymentPostprocessing = 0;
		};
		948878D01A8AC1D30047E0CC /* Frameworks */ = {
			isa = PBXFrameworksBuildPhase;
			buildActionMask = 2147483647;
			files = (
			);
			runOnlyForDeploymentPostprocessing = 0;
		};
/* End PBXFrameworksBuildPhase section */

/* Begin PBXGroup section */
		0E3EA007AE9456B8BBD4E5D2 /* Pods */ = {
			isa = PBXGroup;
			children = (
				D25E1CA1FE6024E39EE31A4B /* Pods.debug.xcconfig */,
				D9A208822474543B0089D813 /* Pods.release.xcconfig */,
			);
			name = Pods;
			sourceTree = "<group>";
		};
		4C63831136AFE59AC06FF5A0 /* Frameworks */ = {
			isa = PBXGroup;
			children = (
				11531391538DFF40912C521C /* libPods.a */,
			);
			name = Frameworks;
			sourceTree = "<group>";
		};
		9443CCBC1A9E3BEB00C5CC70 /* Chameleon */ = {
			isa = PBXGroup;
			children = (
				9443CCBD1A9E3BEB00C5CC70 /* Chameleon.h */,
				9443CCBE1A9E3BEB00C5CC70 /* ChameleonMacros.h */,
				9443CCBF1A9E3BEB00C5CC70 /* ChameleonStatusBar.h */,
				9443CCC01A9E3BEB00C5CC70 /* ChameleonStatusBar.m */,
				9443CCC11A9E3BEB00C5CC70 /* NSArray+Chameleon.h */,
				9443CCC21A9E3BEB00C5CC70 /* NSArray+Chameleon.m */,
				9443CCC31A9E3BEB00C5CC70 /* PQFCustomLoaders */,
				9443CCCB1A9E3BEB00C5CC70 /* UIColor+Chameleon.h */,
				9443CCCC1A9E3BEB00C5CC70 /* UIColor+Chameleon.m */,
				9443CCCD1A9E3BEB00C5CC70 /* UIColor+CIELAB.h */,
				9443CCCE1A9E3BEB00C5CC70 /* UIColor+CIELAB.m */,
				9443CCCF1A9E3BEB00C5CC70 /* UIViewController+Chameleon.h */,
				9443CCD01A9E3BEB00C5CC70 /* UIViewController+Chameleon.m */,
			);
			path = Chameleon;
			sourceTree = "<group>";
		};
		9443CCC31A9E3BEB00C5CC70 /* PQFCustomLoaders */ = {
			isa = PBXGroup;
			children = (
				9443CCC41A9E3BEB00C5CC70 /* PQFBarsInCircle.h */,
				9443CCC51A9E3BEB00C5CC70 /* PQFBarsInCircle.m */,
				9443CCC61A9E3BEB00C5CC70 /* PQFBouncingBalls.h */,
				9443CCC71A9E3BEB00C5CC70 /* PQFBouncingBalls.m */,
				9443CCC81A9E3BEB00C5CC70 /* PQFCirclesInTriangle.h */,
				9443CCC91A9E3BEB00C5CC70 /* PQFCirclesInTriangle.m */,
				9443CCCA1A9E3BEB00C5CC70 /* PQFCustomLoaders.h */,
			);
			path = PQFCustomLoaders;
			sourceTree = "<group>";
		};
		9443CCD11A9E3BEB00C5CC70 /* PQFCustomLoaders */ = {
			isa = PBXGroup;
			children = (
				9443CCD21A9E3BEB00C5CC70 /* PQFBarsInCircle.h */,
				9443CCD31A9E3BEB00C5CC70 /* PQFBarsInCircle.m */,
				9443CCD41A9E3BEB00C5CC70 /* PQFBouncingBalls.h */,
				9443CCD51A9E3BEB00C5CC70 /* PQFBouncingBalls.m */,
				9443CCD61A9E3BEB00C5CC70 /* PQFCirclesInTriangle.h */,
				9443CCD71A9E3BEB00C5CC70 /* PQFCirclesInTriangle.m */,
				9443CCD81A9E3BEB00C5CC70 /* PQFCustomLoaders.h */,
			);
			path = PQFCustomLoaders;
			sourceTree = "<group>";
		};
		9443CCD91A9E3BEB00C5CC70 /* UIColor+FlatColors */ = {
			isa = PBXGroup;
			children = (
				9443CCDA1A9E3BEB00C5CC70 /* UIColor+FlatColors.h */,
				9443CCDB1A9E3BEB00C5CC70 /* UIColor+FlatColors.m */,
			);
			path = "UIColor+FlatColors";
			sourceTree = "<group>";
		};
		948878B11A8AC1D30047E0CC = {
			isa = PBXGroup;
			children = (
				9443CCBC1A9E3BEB00C5CC70 /* Chameleon */,
				9443CCD11A9E3BEB00C5CC70 /* PQFCustomLoaders */,
				9443CCD91A9E3BEB00C5CC70 /* UIColor+FlatColors */,
				948878BC1A8AC1D30047E0CC /* PHSLabDays */,
				948878D61A8AC1D30047E0CC /* PHSLabDaysTests */,
				948878BB1A8AC1D30047E0CC /* Products */,
				0E3EA007AE9456B8BBD4E5D2 /* Pods */,
				4C63831136AFE59AC06FF5A0 /* Frameworks */,
			);
			sourceTree = "<group>";
		};
		948878BB1A8AC1D30047E0CC /* Products */ = {
			isa = PBXGroup;
			children = (
				948878BA1A8AC1D30047E0CC /* PHSLabDays.app */,
				948878D31A8AC1D30047E0CC /* PHSLabDaysTests.xctest */,
			);
			name = Products;
			sourceTree = "<group>";
		};
		948878BC1A8AC1D30047E0CC /* PHSLabDays */ = {
			isa = PBXGroup;
			children = (
				94DAEBA61A9F3A990026A1B0 /* PHS Lab Days (Responses).csv */,
				948878C11A8AC1D30047E0CC /* AppDelegate.h */,
				948878C21A8AC1D30047E0CC /* AppDelegate.m */,
				948878C41A8AC1D30047E0CC /* ViewController.h */,
				948878E51A8AC9070047E0CC /* UserAuthenticationViewController.h */,
				948878E61A8AC9070047E0CC /* UserAuthenticationViewController.m */,
				948878E71A8AC9070047E0CC /* UserAuthenticationViewController.xib */,
				948878C51A8AC1D30047E0CC /* ViewController.m */,
				948878EB1A8ACA7B0047E0CC /* SendMessageViewController.h */,
				948878EC1A8ACA7B0047E0CC /* SendMessageViewController.m */,
				9434F3B11A8D816C004715C6 /* Person.h */,
				9434F3B21A8D816C004715C6 /* Person.m */,
				9434F3B41A8D8E03004715C6 /* Science.h */,
				9434F3B51A8D8E03004715C6 /* Science.m */,
				948878ED1A8ACA7B0047E0CC /* SendMessageViewController.xib */,
				948878C71A8AC1D30047E0CC /* Main.storyboard */,
				948878CA1A8AC1D30047E0CC /* Images.xcassets */,
				948878E31A8AC86F0047E0CC /* login_background.png */,
				948878CC1A8AC1D30047E0CC /* LaunchScreen.xib */,
				948878BD1A8AC1D30047E0CC /* Supporting Files */,
			);
			path = PHSLabDays;
			sourceTree = "<group>";
		};
		948878BD1A8AC1D30047E0CC /* Supporting Files */ = {
			isa = PBXGroup;
			children = (
				948878BE1A8AC1D30047E0CC /* Info.plist */,
				948878BF1A8AC1D30047E0CC /* main.m */,
			);
			name = "Supporting Files";
			sourceTree = "<group>";
		};
		948878D61A8AC1D30047E0CC /* PHSLabDaysTests */ = {
			isa = PBXGroup;
			children = (
				948878D91A8AC1D30047E0CC /* PHSLabDaysTests.m */,
				948878D71A8AC1D30047E0CC /* Supporting Files */,
			);
			path = PHSLabDaysTests;
			sourceTree = "<group>";
		};
		948878D71A8AC1D30047E0CC /* Supporting Files */ = {
			isa = PBXGroup;
			children = (
				948878D81A8AC1D30047E0CC /* Info.plist */,
			);
			name = "Supporting Files";
			sourceTree = "<group>";
		};
/* End PBXGroup section */

/* Begin PBXNativeTarget section */
		948878B91A8AC1D30047E0CC /* PHSLabDays */ = {
			isa = PBXNativeTarget;
			buildConfigurationList = 948878DD1A8AC1D30047E0CC /* Build configuration list for PBXNativeTarget "PHSLabDays" */;
			buildPhases = (
				7536A3690E11A868A660DE69 /* Check Pods Manifest.lock */,
				948878B61A8AC1D30047E0CC /* Sources */,
				948878B71A8AC1D30047E0CC /* Frameworks */,
				948878B81A8AC1D30047E0CC /* Resources */,
				4678075E6D890544E904D7AE /* Copy Pods Resources */,
			);
			buildRules = (
			);
			dependencies = (
			);
			name = PHSLabDays;
			productName = PHSLabDays;
			productReference = 948878BA1A8AC1D30047E0CC /* PHSLabDays.app */;
			productType = "com.apple.product-type.application";
		};
		948878D21A8AC1D30047E0CC /* PHSLabDaysTests */ = {
			isa = PBXNativeTarget;
			buildConfigurationList = 948878E01A8AC1D30047E0CC /* Build configuration list for PBXNativeTarget "PHSLabDaysTests" */;
			buildPhases = (
				948878CF1A8AC1D30047E0CC /* Sources */,
				948878D01A8AC1D30047E0CC /* Frameworks */,
				948878D11A8AC1D30047E0CC /* Resources */,
			);
			buildRules = (
			);
			dependencies = (
				948878D51A8AC1D30047E0CC /* PBXTargetDependency */,
			);
			name = PHSLabDaysTests;
			productName = PHSLabDaysTests;
			productReference = 948878D31A8AC1D30047E0CC /* PHSLabDaysTests.xctest */;
			productType = "com.apple.product-type.bundle.unit-test";
		};
/* End PBXNativeTarget section */

/* Begin PBXProject section */
		948878B21A8AC1D30047E0CC /* Project object */ = {
			isa = PBXProject;
			attributes = {
				LastUpgradeCheck = 0610;
				ORGANIZATIONNAME = "Ryan D'souza";
				TargetAttributes = {
					948878B91A8AC1D30047E0CC = {
						CreatedOnToolsVersion = 6.1.1;
					};
					948878D21A8AC1D30047E0CC = {
						CreatedOnToolsVersion = 6.1.1;
						TestTargetID = 948878B91A8AC1D30047E0CC;
					};
				};
			};
			buildConfigurationList = 948878B51A8AC1D30047E0CC /* Build configuration list for PBXProject "PHSLabDays" */;
			compatibilityVersion = "Xcode 3.2";
			developmentRegion = English;
			hasScannedForEncodings = 0;
			knownRegions = (
				en,
				Base,
			);
			mainGroup = 948878B11A8AC1D30047E0CC;
			productRefGroup = 948878BB1A8AC1D30047E0CC /* Products */;
			projectDirPath = "";
			projectRoot = "";
			targets = (
				948878B91A8AC1D30047E0CC /* PHSLabDays */,
				948878D21A8AC1D30047E0CC /* PHSLabDaysTests */,
			);
		};
/* End PBXProject section */

/* Begin PBXResourcesBuildPhase section */
		948878B81A8AC1D30047E0CC /* Resources */ = {
			isa = PBXResourcesBuildPhase;
			buildActionMask = 2147483647;
			files = (
				948878EF1A8ACA7B0047E0CC /* SendMessageViewController.xib in Resources */,
				94DAEBA71A9F3A990026A1B0 /* PHS Lab Days (Responses).csv in Resources */,
				948878E91A8AC9070047E0CC /* UserAuthenticationViewController.xib in Resources */,
				948878C91A8AC1D30047E0CC /* Main.storyboard in Resources */,
				948878CE1A8AC1D30047E0CC /* LaunchScreen.xib in Resources */,
				948878CB1A8AC1D30047E0CC /* Images.xcassets in Resources */,
				948878E41A8AC86F0047E0CC /* login_background.png in Resources */,
			);
			runOnlyForDeploymentPostprocessing = 0;
		};
		948878D11A8AC1D30047E0CC /* Resources */ = {
			isa = PBXResourcesBuildPhase;
			buildActionMask = 2147483647;
			files = (
			);
			runOnlyForDeploymentPostprocessing = 0;
		};
/* End PBXResourcesBuildPhase section */

/* Begin PBXShellScriptBuildPhase section */
		4678075E6D890544E904D7AE /* Copy Pods Resources */ = {
			isa = PBXShellScriptBuildPhase;
			buildActionMask = 2147483647;
			files = (
			);
			inputPaths = (
			);
			name = "Copy Pods Resources";
			outputPaths = (
			);
			runOnlyForDeploymentPostprocessing = 0;
			shellPath = /bin/sh;
			shellScript = "\"${SRCROOT}/Pods/Target Support Files/Pods/Pods-resources.sh\"\n";
			showEnvVarsInLog = 0;
		};
		7536A3690E11A868A660DE69 /* Check Pods Manifest.lock */ = {
			isa = PBXShellScriptBuildPhase;
			buildActionMask = 2147483647;
			files = (
			);
			inputPaths = (
			);
			name = "Check Pods Manifest.lock";
			outputPaths = (
			);
			runOnlyForDeploymentPostprocessing = 0;
			shellPath = /bin/sh;
			shellScript = "diff \"${PODS_ROOT}/../Podfile.lock\" \"${PODS_ROOT}/Manifest.lock\" > /dev/null\nif [[ $? != 0 ]] ; then\n    cat << EOM\nerror: The sandbox is not in sync with the Podfile.lock. Run 'pod install' or update your CocoaPods installation.\nEOM\n    exit 1\nfi\n";
			showEnvVarsInLog = 0;
		};
/* End PBXShellScriptBuildPhase section */

/* Begin PBXSourcesBuildPhase section */
		948878B61A8AC1D30047E0CC /* Sources */ = {
			isa = PBXSourcesBuildPhase;
			buildActionMask = 2147483647;
			files = (
				9443CCE31A9E3BEB00C5CC70 /* UIViewController+Chameleon.m in Sources */,
				9443CCDD1A9E3BEB00C5CC70 /* NSArray+Chameleon.m in Sources */,
				9443CCE21A9E3BEB00C5CC70 /* UIColor+CIELAB.m in Sources */,
				9443CCE11A9E3BEB00C5CC70 /* UIColor+Chameleon.m in Sources */,
				9443CCE41A9E3BEB00C5CC70 /* PQFBarsInCircle.m in Sources */,
				9443CCE51A9E3BEB00C5CC70 /* PQFBouncingBalls.m in Sources */,
				9434F3B31A8D816C004715C6 /* Person.m in Sources */,
				948878C61A8AC1D30047E0CC /* ViewController.m in Sources */,
				948878C31A8AC1D30047E0CC /* AppDelegate.m in Sources */,
				948878C01A8AC1D30047E0CC /* main.m in Sources */,
				9443CCE61A9E3BEB00C5CC70 /* PQFCirclesInTriangle.m in Sources */,
				9443CCE71A9E3BEB00C5CC70 /* UIColor+FlatColors.m in Sources */,
				9443CCDC1A9E3BEB00C5CC70 /* ChameleonStatusBar.m in Sources */,
				9443CCDF1A9E3BEB00C5CC70 /* PQFBouncingBalls.m in Sources */,
				9443CCDE1A9E3BEB00C5CC70 /* PQFBarsInCircle.m in Sources */,
				948878E81A8AC9070047E0CC /* UserAuthenticationViewController.m in Sources */,
				948878EE1A8ACA7B0047E0CC /* SendMessageViewController.m in Sources */,
				9443CCE01A9E3BEB00C5CC70 /* PQFCirclesInTriangle.m in Sources */,
				9434F3B61A8D8E03004715C6 /* Science.m in Sources */,
			);
			runOnlyForDeploymentPostprocessing = 0;
		};
		948878CF1A8AC1D30047E0CC /* Sources */ = {
			isa = PBXSourcesBuildPhase;
			buildActionMask = 2147483647;
			files = (
				948878DA1A8AC1D30047E0CC /* PHSLabDaysTests.m in Sources */,
			);
			runOnlyForDeploymentPostprocessing = 0;
		};
/* End PBXSourcesBuildPhase section */

/* Begin PBXTargetDependency section */
		948878D51A8AC1D30047E0CC /* PBXTargetDependency */ = {
			isa = PBXTargetDependency;
			target = 948878B91A8AC1D30047E0CC /* PHSLabDays */;
			targetProxy = 948878D41A8AC1D30047E0CC /* PBXContainerItemProxy */;
		};
/* End PBXTargetDependency section */

/* Begin PBXVariantGroup section */
		948878C71A8AC1D30047E0CC /* Main.storyboard */ = {
			isa = PBXVariantGroup;
			children = (
				948878C81A8AC1D30047E0CC /* Base */,
			);
			name = Main.storyboard;
			sourceTree = "<group>";
		};
		948878CC1A8AC1D30047E0CC /* LaunchScreen.xib */ = {
			isa = PBXVariantGroup;
			children = (
				948878CD1A8AC1D30047E0CC /* Base */,
			);
			name = LaunchScreen.xib;
			sourceTree = "<group>";
		};
/* End PBXVariantGroup section */

/* Begin XCBuildConfiguration section */
		948878DB1A8AC1D30047E0CC /* Debug */ = {
			isa = XCBuildConfiguration;
			buildSettings = {
				ALWAYS_SEARCH_USER_PATHS = NO;
				CLANG_CXX_LANGUAGE_STANDARD = "gnu++0x";
				CLANG_CXX_LIBRARY = "libc++";
				CLANG_ENABLE_MODULES = YES;
				CLANG_ENABLE_OBJC_ARC = YES;
				CLANG_WARN_BOOL_CONVERSION = YES;
				CLANG_WARN_CONSTANT_CONVERSION = YES;
				CLANG_WARN_DIRECT_OBJC_ISA_USAGE = YES_ERROR;
				CLANG_WARN_EMPTY_BODY = YES;
				CLANG_WARN_ENUM_CONVERSION = YES;
				CLANG_WARN_INT_CONVERSION = YES;
				CLANG_WARN_OBJC_ROOT_CLASS = YES_ERROR;
				CLANG_WARN_UNREACHABLE_CODE = YES;
				CLANG_WARN__DUPLICATE_METHOD_MATCH = YES;
				"CODE_SIGN_IDENTITY[sdk=iphoneos*]" = "iPhone Developer";
				COPY_PHASE_STRIP = NO;
				ENABLE_STRICT_OBJC_MSGSEND = YES;
				GCC_C_LANGUAGE_STANDARD = gnu99;
				GCC_DYNAMIC_NO_PIC = NO;
				GCC_OPTIMIZATION_LEVEL = 0;
				GCC_PREPROCESSOR_DEFINITIONS = (
					"DEBUG=1",
					"$(inherited)",
				);
				GCC_SYMBOLS_PRIVATE_EXTERN = NO;
				GCC_WARN_64_TO_32_BIT_CONVERSION = YES;
				GCC_WARN_ABOUT_RETURN_TYPE = YES_ERROR;
				GCC_WARN_UNDECLARED_SELECTOR = YES;
				GCC_WARN_UNINITIALIZED_AUTOS = YES_AGGRESSIVE;
				GCC_WARN_UNUSED_FUNCTION = YES;
				GCC_WARN_UNUSED_VARIABLE = YES;
				IPHONEOS_DEPLOYMENT_TARGET = 8.1;
				MTL_ENABLE_DEBUG_INFO = YES;
				ONLY_ACTIVE_ARCH = YES;
				SDKROOT = iphoneos;
			};
			name = Debug;
		};
		948878DC1A8AC1D30047E0CC /* Release */ = {
			isa = XCBuildConfiguration;
			buildSettings = {
				ALWAYS_SEARCH_USER_PATHS = NO;
				CLANG_CXX_LANGUAGE_STANDARD = "gnu++0x";
				CLANG_CXX_LIBRARY = "libc++";
				CLANG_ENABLE_MODULES = YES;
				CLANG_ENABLE_OBJC_ARC = YES;
				CLANG_WARN_BOOL_CONVERSION = YES;
				CLANG_WARN_CONSTANT_CONVERSION = YES;
				CLANG_WARN_DIRECT_OBJC_ISA_USAGE = YES_ERROR;
				CLANG_WARN_EMPTY_BODY = YES;
				CLANG_WARN_ENUM_CONVERSION = YES;
				CLANG_WARN_INT_CONVERSION = YES;
				CLANG_WARN_OBJC_ROOT_CLASS = YES_ERROR;
				CLANG_WARN_UNREACHABLE_CODE = YES;
				CLANG_WARN__DUPLICATE_METHOD_MATCH = YES;
				"CODE_SIGN_IDENTITY[sdk=iphoneos*]" = "iPhone Developer";
				COPY_PHASE_STRIP = YES;
				ENABLE_NS_ASSERTIONS = NO;
				ENABLE_STRICT_OBJC_MSGSEND = YES;
				GCC_C_LANGUAGE_STANDARD = gnu99;
				GCC_WARN_64_TO_32_BIT_CONVERSION = YES;
				GCC_WARN_ABOUT_RETURN_TYPE = YES_ERROR;
				GCC_WARN_UNDECLARED_SELECTOR = YES;
				GCC_WARN_UNINITIALIZED_AUTOS = YES_AGGRESSIVE;
				GCC_WARN_UNUSED_FUNCTION = YES;
				GCC_WARN_UNUSED_VARIABLE = YES;
				IPHONEOS_DEPLOYMENT_TARGET = 8.1;
				MTL_ENABLE_DEBUG_INFO = NO;
				SDKROOT = iphoneos;
				VALIDATE_PRODUCT = YES;
			};
			name = Release;
		};
		948878DE1A8AC1D30047E0CC /* Debug */ = {
			isa = XCBuildConfiguration;
			baseConfigurationReference = D25E1CA1FE6024E39EE31A4B /* Pods.debug.xcconfig */;
			buildSettings = {
				ASSETCATALOG_COMPILER_APPICON_NAME = AppIcon;
				INFOPLIST_FILE = PHSLabDays/Info.plist;
				LD_RUNPATH_SEARCH_PATHS = "$(inherited) @executable_path/Frameworks";
				PRODUCT_NAME = "$(TARGET_NAME)";
			};
			name = Debug;
		};
		948878DF1A8AC1D30047E0CC /* Release */ = {
			isa = XCBuildConfiguration;
			baseConfigurationReference = D9A208822474543B0089D813 /* Pods.release.xcconfig */;
			buildSettings = {
				ASSETCATALOG_COMPILER_APPICON_NAME = AppIcon;
				INFOPLIST_FILE = PHSLabDays/Info.plist;
				LD_RUNPATH_SEARCH_PATHS = "$(inherited) @executable_path/Frameworks";
				PRODUCT_NAME = "$(TARGET_NAME)";
			};
			name = Release;
		};
		948878E11A8AC1D30047E0CC /* Debug */ = {
			isa = XCBuildConfiguration;
			buildSettings = {
				BUNDLE_LOADER = "$(TEST_HOST)";
				FRAMEWORK_SEARCH_PATHS = (
					"$(SDKROOT)/Developer/Library/Frameworks",
					"$(inherited)",
				);
				GCC_PREPROCESSOR_DEFINITIONS = (
					"DEBUG=1",
					"$(inherited)",
				);
				INFOPLIST_FILE = PHSLabDaysTests/Info.plist;
				LD_RUNPATH_SEARCH_PATHS = "$(inherited) @executable_path/Frameworks @loader_path/Frameworks";
				PRODUCT_NAME = "$(TARGET_NAME)";
				TEST_HOST = "$(BUILT_PRODUCTS_DIR)/PHSLabDays.app/PHSLabDays";
			};
			name = Debug;
		};
		948878E21A8AC1D30047E0CC /* Release */ = {
			isa = XCBuildConfiguration;
			buildSettings = {
				BUNDLE_LOADER = "$(TEST_HOST)";
				FRAMEWORK_SEARCH_PATHS = (
					"$(SDKROOT)/Developer/Library/Frameworks",
					"$(inherited)",
				);
				INFOPLIST_FILE = PHSLabDaysTests/Info.plist;
				LD_RUNPATH_SEARCH_PATHS = "$(inherited) @executable_path/Frameworks @loader_path/Frameworks";
				PRODUCT_NAME = "$(TARGET_NAME)";
				TEST_HOST = "$(BUILT_PRODUCTS_DIR)/PHSLabDays.app/PHSLabDays";
			};
			name = Release;
		};
/* End XCBuildConfiguration section */

/* Begin XCConfigurationList section */
		948878B51A8AC1D30047E0CC /* Build configuration list for PBXProject "PHSLabDays" */ = {
			isa = XCConfigurationList;
			buildConfigurations = (
				948878DB1A8AC1D30047E0CC /* Debug */,
				948878DC1A8AC1D30047E0CC /* Release */,
			);
			defaultConfigurationIsVisible = 0;
			defaultConfigurationName = Release;
		};
		948878DD1A8AC1D30047E0CC /* Build configuration list for PBXNativeTarget "PHSLabDays" */ = {
			isa = XCConfigurationList;
			buildConfigurations = (
				948878DE1A8AC1D30047E0CC /* Debug */,
				948878DF1A8AC1D30047E0CC /* Release */,
			);
			defaultConfigurationIsVisible = 0;
			defaultConfigurationName = Release;
		};
		948878E01A8AC1D30047E0CC /* Build configuration list for PBXNativeTarget "PHSLabDaysTests" */ = {
			isa = XCConfigurationList;
			buildConfigurations = (
				948878E11A8AC1D30047E0CC /* Debug */,
				948878E21A8AC1D30047E0CC /* Release */,
			);
			defaultConfigurationIsVisible = 0;
			defaultConfigurationName = Release;
		};
/* End XCConfigurationList section */
	};
	rootObject = 948878B21A8AC1D30047E0CC /* Project object */;
}
